
Microsoft Visual Studio Solution File, Format Version 12.00
# Visual Studio 15
VisualStudioVersion = 15.0.26430.16
MinimumVisualStudioVersion = 10.0.40219.1
Project("{FAE04EC0-301F-11D3-BF4B-00C04F79EFBC}") = "RetailApplication", "RetailApplication\RetailApplication.csproj", "{4BFA7261-F2B2-4198-B739-BA0C3CC0BD76}"
EndProject
Project("{FAE04EC0-301F-11D3-BF4B-00C04F79EFBC}") = "ClientApplication", "ClientApplication\ClientApplication.csproj", "{D1BA0536-A63B-43B3-BD49-FC2E83B93658}"
	ProjectSection(ProjectDependencies) = postProject
		{4BFA7261-F2B2-4198-B739-BA0C3CC0BD76} = {4BFA7261-F2B2-4198-B739-BA0C3CC0BD76}
	EndProjectSection
EndProject
Global
	GlobalSection(SolutionConfigurationPlatforms) = preSolution
		Debug|Any CPU = Debug|Any CPU
		Release|Any CPU = Release|Any CPU
	EndGlobalSection
	GlobalSection(ProjectConfigurationPlatforms) = postSolution
		{4BFA7261-F2B2-4198-B739-BA0C3CC0BD76}.Debug|Any CPU.ActiveCfg = Debug|Any CPU
		{4BFA7261-F2B2-4198-B739-BA0C3CC0BD76}.Debug|Any CPU.Build.0 = Debug|Any CPU
		{4BFA7261-F2B2-4198-B739-BA0C3CC0BD76}.Release|Any CPU.ActiveCfg = Release|Any CPU
		{4BFA7261-F2B2-4198-B739-BA0C3CC0BD76}.Release|Any CPU.Build.0 = Release|Any CPU
		{D1BA0536-A63B-43B3-BD49-FC2E83B93658}.Debug|Any CPU.ActiveCfg = Debug|Any CPU
		{D1BA0536-A63B-43B3-BD49-FC2E83B93658}.Debug|Any CPU.Build.0 = Debug|Any CPU
		{D1BA0536-A63B-43B3-BD49-FC2E83B93658}.Release|Any CPU.ActiveCfg = Release|Any CPU
		{D1BA0536-A63B-43B3-BD49-FC2E83B93658}.Release|Any CPU.Build.0 = Release|Any CPU
	EndGlobalSection
	GlobalSection(SolutionProperties) = preSolution
		HideSolutionNode = FALSE
	EndGlobalSection
EndGlobal
